
Microsoft Visual Studio Solution File, Format Version 12.00
# Visual Studio Version 16
VisualStudioVersion = 25.0.1704.3
MinimumVisualStudioVersion = 10.0.40219.1
Project("{FAE04EC0-301F-11D3-BF4B-00C04F79EFBC}") = "Task1", "Task1.csproj", "{50BEEDA1-1D54-4AC7-9573-9F47180F0F6C}"
EndProject
Global
	GlobalSection(SolutionConfigurationPlatforms) = preSolution
		Debug|Any CPU = Debug|Any CPU
		Release|Any CPU = Release|Any CPU
	EndGlobalSection
	GlobalSection(ProjectConfigurationPlatforms) = postSolution
		{50BEEDA1-1D54-4AC7-9573-9F47180F0F6C}.Debug|Any CPU.ActiveCfg = Debug|Any CPU
		{50BEEDA1-1D54-4AC7-9573-9F47180F0F6C}.Debug|Any CPU.Build.0 = Debug|Any CPU
		{50BEEDA1-1D54-4AC7-9573-9F47180F0F6C}.Release|Any CPU.ActiveCfg = Release|Any CPU
		{50BEEDA1-1D54-4AC7-9573-9F47180F0F6C}.Release|Any CPU.Build.0 = Release|Any CPU
	EndGlobalSection
	GlobalSection(SolutionProperties) = preSolution
		HideSolutionNode = FALSE
	EndGlobalSection
	GlobalSection(ExtensibilityGlobals) = postSolution
		SolutionGuid = {5D506244-4B7A-49E5-875E-C9F12FDE9579}
	EndGlobalSection
EndGlobal
